
Microsoft Visual Studio Solution File, Format Version 12.00
# Visual Studio Version 17
VisualStudioVersion = 17.7.34018.315
MinimumVisualStudioVersion = 10.0.40219.1
Project("{FAE04EC0-301F-11D3-BF4B-00C04F79EFBC}") = "gestionUniversidadC#", "gestionUniversidadC#\gestionUniversidadC#.csproj", "{63412A3C-DDF9-4D25-A0AD-59665667B513}"
EndProject
Global
	GlobalSection(SolutionConfigurationPlatforms) = preSolution
		Debug|Any CPU = Debug|Any CPU
		Release|Any CPU = Release|Any CPU
	EndGlobalSection
	GlobalSection(ProjectConfigurationPlatforms) = postSolution
		{63412A3C-DDF9-4D25-A0AD-59665667B513}.Debug|Any CPU.ActiveCfg = Debug|Any CPU
		{63412A3C-DDF9-4D25-A0AD-59665667B513}.Debug|Any CPU.Build.0 = Debug|Any CPU
		{63412A3C-DDF9-4D25-A0AD-59665667B513}.Release|Any CPU.ActiveCfg = Release|Any CPU
		{63412A3C-DDF9-4D25-A0AD-59665667B513}.Release|Any CPU.Build.0 = Release|Any CPU
	EndGlobalSection
	GlobalSection(SolutionProperties) = preSolution
		HideSolutionNode = FALSE
	EndGlobalSection
	GlobalSection(ExtensibilityGlobals) = postSolution
		SolutionGuid = {F5CBB6C3-C57D-4963-A34F-A0C18ACFEEA7}
	EndGlobalSection
EndGlobal
